
Microsoft Visual Studio Solution File, Format Version 12.00
# Visual Studio 15
VisualStudioVersion = 15.0.27130.2024
MinimumVisualStudioVersion = 10.0.40219.1
Project("{9A19103F-16F7-4668-BE54-9A1E7A4F7556}") = "Cake.Markdownlint", "Cake.Markdownlint\Cake.Markdownlint.csproj", "{9CB7E9F6-53F0-4301-ABC2-B2FA69517E15}"
EndProject
Project("{9A19103F-16F7-4668-BE54-9A1E7A4F7556}") = "Cake.Markdownlint.Tests", "Cake.Markdownlint.Tests\Cake.Markdownlint.Tests.csproj", "{A92BA292-7A4A-44F4-A7CB-F15631665D54}"
EndProject
Global
	GlobalSection(SolutionConfigurationPlatforms) = preSolution
		Debug|Any CPU = Debug|Any CPU
		Release|Any CPU = Release|Any CPU
	EndGlobalSection
	GlobalSection(ProjectConfigurationPlatforms) = postSolution
		{9CB7E9F6-53F0-4301-ABC2-B2FA69517E15}.Debug|Any CPU.ActiveCfg = Debug|Any CPU
		{9CB7E9F6-53F0-4301-ABC2-B2FA69517E15}.Debug|Any CPU.Build.0 = Debug|Any CPU
		{9CB7E9F6-53F0-4301-ABC2-B2FA69517E15}.Release|Any CPU.ActiveCfg = Release|Any CPU
		{9CB7E9F6-53F0-4301-ABC2-B2FA69517E15}.Release|Any CPU.Build.0 = Release|Any CPU
		{A92BA292-7A4A-44F4-A7CB-F15631665D54}.Debug|Any CPU.ActiveCfg = Debug|Any CPU
		{A92BA292-7A4A-44F4-A7CB-F15631665D54}.Debug|Any CPU.Build.0 = Debug|Any CPU
		{A92BA292-7A4A-44F4-A7CB-F15631665D54}.Release|Any CPU.ActiveCfg = Release|Any CPU
		{A92BA292-7A4A-44F4-A7CB-F15631665D54}.Release|Any CPU.Build.0 = Release|Any CPU
	EndGlobalSection
	GlobalSection(SolutionProperties) = preSolution
		HideSolutionNode = FALSE
	EndGlobalSection
	GlobalSection(ExtensibilityGlobals) = postSolution
		SolutionGuid = {F051323F-7186-40DA-90E3-CD25EFA01277}
	EndGlobalSection
EndGlobal
